
Microsoft Visual Studio Solution File, Format Version 12.00
# Visual Studio 15
Project("{FAE04EC0-301F-11D3-BF4B-00C04F79EFBC}") = "AugmentedRealityMaze", "AugmentedRealityMaze.csproj", "{06444556-F8C5-13EB-BA6A-66E57B6A09B8}"
EndProject
Project("{FAE04EC0-301F-11D3-BF4B-00C04F79EFBC}") = "AugmentedRealityMaze.Editor", "AugmentedRealityMaze.Editor.csproj", "{8B96E811-CF69-D0EB-A8B4-8FDCB3BA8A90}"
EndProject
Global
	GlobalSection(SolutionConfigurationPlatforms) = preSolution
		Debug|Any CPU = Debug|Any CPU
		Release|Any CPU = Release|Any CPU
	EndGlobalSection
	GlobalSection(ProjectConfigurationPlatforms) = postSolution
		{06444556-F8C5-13EB-BA6A-66E57B6A09B8}.Debug|Any CPU.ActiveCfg = Debug|Any CPU
		{06444556-F8C5-13EB-BA6A-66E57B6A09B8}.Debug|Any CPU.Build.0 = Debug|Any CPU
		{06444556-F8C5-13EB-BA6A-66E57B6A09B8}.Release|Any CPU.ActiveCfg = Release|Any CPU
		{06444556-F8C5-13EB-BA6A-66E57B6A09B8}.Release|Any CPU.Build.0 = Release|Any CPU
		{8B96E811-CF69-D0EB-A8B4-8FDCB3BA8A90}.Debug|Any CPU.ActiveCfg = Debug|Any CPU
		{8B96E811-CF69-D0EB-A8B4-8FDCB3BA8A90}.Debug|Any CPU.Build.0 = Debug|Any CPU
		{8B96E811-CF69-D0EB-A8B4-8FDCB3BA8A90}.Release|Any CPU.ActiveCfg = Release|Any CPU
		{8B96E811-CF69-D0EB-A8B4-8FDCB3BA8A90}.Release|Any CPU.Build.0 = Release|Any CPU
	EndGlobalSection
	GlobalSection(SolutionProperties) = preSolution
		HideSolutionNode = FALSE
	EndGlobalSection
EndGlobal
